
Microsoft Visual Studio Solution File, Format Version 12.00
# Visual Studio 14
VisualStudioVersion = 14.0.25123.0
MinimumVisualStudioVersion = 10.0.40219.1
Project("{FAE04EC0-301F-11D3-BF4B-00C04F79EFBC}") = "VsBlox.WinForms.AutoAdjustTabOrder", "VsBlox.WinForms.AutoAdjustTabOrder\VsBlox.WinForms.AutoAdjustTabOrder.csproj", "{1C9CDE4B-98D8-4947-B3E4-2DBDF7E6939B}"
EndProject
Global
	GlobalSection(SolutionConfigurationPlatforms) = preSolution
		Debug|Any CPU = Debug|Any CPU
		Release|Any CPU = Release|Any CPU
	EndGlobalSection
	GlobalSection(ProjectConfigurationPlatforms) = postSolution
		{1C9CDE4B-98D8-4947-B3E4-2DBDF7E6939B}.Debug|Any CPU.ActiveCfg = Debug|Any CPU
		{1C9CDE4B-98D8-4947-B3E4-2DBDF7E6939B}.Debug|Any CPU.Build.0 = Debug|Any CPU
		{1C9CDE4B-98D8-4947-B3E4-2DBDF7E6939B}.Release|Any CPU.ActiveCfg = Release|Any CPU
		{1C9CDE4B-98D8-4947-B3E4-2DBDF7E6939B}.Release|Any CPU.Build.0 = Release|Any CPU
	EndGlobalSection
	GlobalSection(SolutionProperties) = preSolution
		HideSolutionNode = FALSE
	EndGlobalSection
EndGlobal
